
Microsoft Visual Studio Solution File, Format Version 12.00
# Visual Studio Version 17
VisualStudioVersion = 17.0.32112.339
MinimumVisualStudioVersion = 10.0.40219.1
Project("{FAE04EC0-301F-11D3-BF4B-00C04F79EFBC}") = "AccessControlSystem.Web", "AccessControlSystem.Web\AccessControlSystem.Web.csproj", "{B4BEE6B2-E8A5-4626-8FA2-26A6534DE94A}"
EndProject
Global
	GlobalSection(SolutionConfigurationPlatforms) = preSolution
		Debug|Any CPU = Debug|Any CPU
		Release|Any CPU = Release|Any CPU
	EndGlobalSection
	GlobalSection(ProjectConfigurationPlatforms) = postSolution
		{B4BEE6B2-E8A5-4626-8FA2-26A6534DE94A}.Debug|Any CPU.ActiveCfg = Debug|Any CPU
		{B4BEE6B2-E8A5-4626-8FA2-26A6534DE94A}.Debug|Any CPU.Build.0 = Debug|Any CPU
		{B4BEE6B2-E8A5-4626-8FA2-26A6534DE94A}.Release|Any CPU.ActiveCfg = Release|Any CPU
		{B4BEE6B2-E8A5-4626-8FA2-26A6534DE94A}.Release|Any CPU.Build.0 = Release|Any CPU
	EndGlobalSection
	GlobalSection(SolutionProperties) = preSolution
		HideSolutionNode = FALSE
	EndGlobalSection
	GlobalSection(ExtensibilityGlobals) = postSolution
		SolutionGuid = {C41F3284-06B0-4592-BCCC-0EBD86C6E36C}
	EndGlobalSection
EndGlobal
